
Microsoft Visual Studio Solution File, Format Version 12.00
# Visual Studio Version 17
VisualStudioVersion = 17.2.32630.192
MinimumVisualStudioVersion = 10.0.40219.1
Project("{FAE04EC0-301F-11D3-BF4B-00C04F79EFBC}") = "CleanArchExample.Domain", "CleanArchExample.Domain\CleanArchExample.Domain.csproj", "{B0274ACA-B203-461E-A020-3EC7D83485A9}"
EndProject
Project("{FAE04EC0-301F-11D3-BF4B-00C04F79EFBC}") = "CleanArchExample.Application", "CleanArchExample.Application\CleanArchExample.Application.csproj", "{9F206AC2-CC3E-4E07-8B7C-104E8306521A}"
EndProject
Project("{FAE04EC0-301F-11D3-BF4B-00C04F79EFBC}") = "CleanArchExample.Infra.Data", "CleanArchExample.Infra.Data\CleanArchExample.Infra.Data.csproj", "{D1A10207-6DCA-4CFA-8469-83A0B220D97B}"
EndProject
Project("{FAE04EC0-301F-11D3-BF4B-00C04F79EFBC}") = "CleanArchExample.Infra.IoC", "CleanArchExample.Infra.IoC\CleanArchExample.Infra.IoC.csproj", "{EA0BFF06-AD84-40FA-B55A-3EA49015EFAB}"
EndProject
Project("{FAE04EC0-301F-11D3-BF4B-00C04F79EFBC}") = "CleanArchExample.WEB", "CleanArchExample.WEB\CleanArchExample.WEB.csproj", "{CFB8369E-E801-471A-A2C1-A14B9B0AAC0E}"
EndProject
Global
	GlobalSection(SolutionConfigurationPlatforms) = preSolution
		Debug|Any CPU = Debug|Any CPU
		Release|Any CPU = Release|Any CPU
	EndGlobalSection
	GlobalSection(ProjectConfigurationPlatforms) = postSolution
		{B0274ACA-B203-461E-A020-3EC7D83485A9}.Debug|Any CPU.ActiveCfg = Debug|Any CPU
		{B0274ACA-B203-461E-A020-3EC7D83485A9}.Debug|Any CPU.Build.0 = Debug|Any CPU
		{B0274ACA-B203-461E-A020-3EC7D83485A9}.Release|Any CPU.ActiveCfg = Release|Any CPU
		{B0274ACA-B203-461E-A020-3EC7D83485A9}.Release|Any CPU.Build.0 = Release|Any CPU
		{9F206AC2-CC3E-4E07-8B7C-104E8306521A}.Debug|Any CPU.ActiveCfg = Debug|Any CPU
		{9F206AC2-CC3E-4E07-8B7C-104E8306521A}.Debug|Any CPU.Build.0 = Debug|Any CPU
		{9F206AC2-CC3E-4E07-8B7C-104E8306521A}.Release|Any CPU.ActiveCfg = Release|Any CPU
		{9F206AC2-CC3E-4E07-8B7C-104E8306521A}.Release|Any CPU.Build.0 = Release|Any CPU
		{D1A10207-6DCA-4CFA-8469-83A0B220D97B}.Debug|Any CPU.ActiveCfg = Debug|Any CPU
		{D1A10207-6DCA-4CFA-8469-83A0B220D97B}.Debug|Any CPU.Build.0 = Debug|Any CPU
		{D1A10207-6DCA-4CFA-8469-83A0B220D97B}.Release|Any CPU.ActiveCfg = Release|Any CPU
		{D1A10207-6DCA-4CFA-8469-83A0B220D97B}.Release|Any CPU.Build.0 = Release|Any CPU
		{EA0BFF06-AD84-40FA-B55A-3EA49015EFAB}.Debug|Any CPU.ActiveCfg = Debug|Any CPU
		{EA0BFF06-AD84-40FA-B55A-3EA49015EFAB}.Debug|Any CPU.Build.0 = Debug|Any CPU
		{EA0BFF06-AD84-40FA-B55A-3EA49015EFAB}.Release|Any CPU.ActiveCfg = Release|Any CPU
		{EA0BFF06-AD84-40FA-B55A-3EA49015EFAB}.Release|Any CPU.Build.0 = Release|Any CPU
		{CFB8369E-E801-471A-A2C1-A14B9B0AAC0E}.Debug|Any CPU.ActiveCfg = Debug|Any CPU
		{CFB8369E-E801-471A-A2C1-A14B9B0AAC0E}.Debug|Any CPU.Build.0 = Debug|Any CPU
		{CFB8369E-E801-471A-A2C1-A14B9B0AAC0E}.Release|Any CPU.ActiveCfg = Release|Any CPU
		{CFB8369E-E801-471A-A2C1-A14B9B0AAC0E}.Release|Any CPU.Build.0 = Release|Any CPU
	EndGlobalSection
	GlobalSection(SolutionProperties) = preSolution
		HideSolutionNode = FALSE
	EndGlobalSection
	GlobalSection(ExtensibilityGlobals) = postSolution
		SolutionGuid = {A24D0CAB-AADC-4E5B-92C8-302137190402}
	EndGlobalSection
EndGlobal
